
Microsoft Visual Studio Solution File, Format Version 12.00
# Visual Studio Version 17
VisualStudioVersion = 17.8.34316.72
MinimumVisualStudioVersion = 10.0.40219.1
Project("{FAE04EC0-301F-11D3-BF4B-00C04F79EFBC}") = "MyFirstWebApplication", "MyFirstWebApplication.csproj", "{7F9F48EB-4739-41CE-BF86-8FF68E89F9F7}"
EndProject
Global
	GlobalSection(SolutionConfigurationPlatforms) = preSolution
		Debug|Any CPU = Debug|Any CPU
		Release|Any CPU = Release|Any CPU
	EndGlobalSection
	GlobalSection(ProjectConfigurationPlatforms) = postSolution
		{7F9F48EB-4739-41CE-BF86-8FF68E89F9F7}.Debug|Any CPU.ActiveCfg = Debug|Any CPU
		{7F9F48EB-4739-41CE-BF86-8FF68E89F9F7}.Debug|Any CPU.Build.0 = Debug|Any CPU
		{7F9F48EB-4739-41CE-BF86-8FF68E89F9F7}.Release|Any CPU.ActiveCfg = Release|Any CPU
		{7F9F48EB-4739-41CE-BF86-8FF68E89F9F7}.Release|Any CPU.Build.0 = Release|Any CPU
	EndGlobalSection
	GlobalSection(SolutionProperties) = preSolution
		HideSolutionNode = FALSE
	EndGlobalSection
	GlobalSection(ExtensibilityGlobals) = postSolution
		SolutionGuid = {4FDB534E-CBB1-4915-9A72-31FB5FF9F109}
	EndGlobalSection
EndGlobal
